// !$*UTF8*$!
{
	archiveVersion = 1;
	classes = {
	};
	objectVersion = 77;
	objects = {

/* Begin PBXBuildFile section */
		27D20C942CFC687A00B4C862 /* Main2.storyboard in Resources */ = {isa = PBXBuildFile; fileRef = 27D20C922CFC687A00B4C862 /* Main2.storyboard */; };
/* End PBXBuildFile section */

/* Begin PBXContainerItemProxy section */
		276E588D2CCCB87400BC5167 /* PBXContainerItemProxy */ = {
			isa = PBXContainerItemProxy;
			containerPortal = 276E586E2CCCB87200BC5167 /* Project object */;
			proxyType = 1;
			remoteGlobalIDString = 276E58752CCCB87200BC5167;
			remoteInfo = ColorMaker_KyleLee;
		};
		276E58972CCCB87400BC5167 /* PBXContainerItemProxy */ = {
			isa = PBXContainerItemProxy;
			containerPortal = 276E586E2CCCB87200BC5167 /* Project object */;
			proxyType = 1;
			remoteGlobalIDString = 276E58752CCCB87200BC5167;
			remoteInfo = ColorMaker_KyleLee;
		};
/* End PBXContainerItemProxy section */

/* Begin PBXFileReference section */
		276E58762CCCB87200BC5167 /* ColorMaker_KyleLee.app */ = {isa = PBXFileReference; explicitFileType = wrapper.application; includeInIndex = 0; path = ColorMaker_KyleLee.app; sourceTree = BUILT_PRODUCTS_DIR; };
		276E588C2CCCB87400BC5167 /* ColorMaker_KyleLeeTests.xctest */ = {isa = PBXFileReference; explicitFileType = wrapper.cfbundle; includeInIndex = 0; path = ColorMaker_KyleLeeTests.xctest; sourceTree = BUILT_PRODUCTS_DIR; };
		276E58962CCCB87400BC5167 /* ColorMaker_KyleLeeUITests.xctest */ = {isa = PBXFileReference; explicitFileType = wrapper.cfbundle; includeInIndex = 0; path = ColorMaker_KyleLeeUITests.xctest; sourceTree = BUILT_PRODUCTS_DIR; };
		27D20C932CFC687A00B4C862 /* Base */ = {isa = PBXFileReference; lastKnownFileType = file.storyboard; name = Base; path = ColorMaker_KyleLee/Base.lproj/Main2.storyboard; sourceTree = "<group>"; };
/* End PBXFileReference section */

/* Begin PBXFileSystemSynchronizedBuildFileExceptionSet section */
		276E589E2CCCB87400BC5167 /* Exceptions for "ColorMaker_KyleLee" folder in "ColorMaker_KyleLee" target */ = {
			isa = PBXFileSystemSynchronizedBuildFileExceptionSet;
			membershipExceptions = (
				Info.plist,
			);
			target = 276E58752CCCB87200BC5167 /* ColorMaker_KyleLee */;
		};
/* End PBXFileSystemSynchronizedBuildFileExceptionSet section */

/* Begin PBXFileSystemSynchronizedRootGroup section */
		276E58782CCCB87200BC5167 /* ColorMaker_KyleLee */ = {
			isa = PBXFileSystemSynchronizedRootGroup;
			exceptions = (
				276E589E2CCCB87400BC5167 /* Exceptions for "ColorMaker_KyleLee" folder in "ColorMaker_KyleLee" target */,
			);
			path = ColorMaker_KyleLee;
			sourceTree = "<group>";
		};
		276E588F2CCCB87400BC5167 /* ColorMaker_KyleLeeTests */ = {
			isa = PBXFileSystemSynchronizedRootGroup;
			path = ColorMaker_KyleLeeTests;
			sourceTree = "<group>";
		};
		276E58992CCCB87400BC5167 /* ColorMaker_KyleLeeUITests */ = {
			isa = PBXFileSystemSynchronizedRootGroup;
			path = ColorMaker_KyleLeeUITests;
			sourceTree = "<group>";
		};
/* End PBXFileSystemSynchronizedRootGroup section */

/* Begin PBXFrameworksBuildPhase section */
		276E58732CCCB87200BC5167 /* Frameworks */ = {
			isa = PBXFrameworksBuildPhase;
			buildActionMask = 2147483647;
			files = (
			);
			runOnlyForDeploymentPostprocessing = 0;
		};
		276E58892CCCB87400BC5167 /* Frameworks */ = {
			isa = PBXFrameworksBuildPhase;
			buildActionMask = 2147483647;
			files = (
			);
			runOnlyForDeploymentPostprocessing = 0;
		};
		276E58932CCCB87400BC5167 /* Frameworks */ = {
			isa = PBXFrameworksBuildPhase;
			buildActionMask = 2147483647;
			files = (
			);
			runOnlyForDeploymentPostprocessing = 0;
		};
/* End PBXFrameworksBuildPhase section */

/* Begin PBXGroup section */
		276E586D2CCCB87200BC5167 = {
			isa = PBXGroup;
			children = (
				27D20C922CFC687A00B4C862 /* Main2.storyboard */,
				276E58782CCCB87200BC5167 /* ColorMaker_KyleLee */,
				276E588F2CCCB87400BC5167 /* ColorMaker_KyleLeeTests */,
				276E58992CCCB87400BC5167 /* ColorMaker_KyleLeeUITests */,
				276E58772CCCB87200BC5167 /* Products */,
			);
			sourceTree = "<group>";
		};
		276E58772CCCB87200BC5167 /* Products */ = {
			isa = PBXGroup;
			children = (
				276E58762CCCB87200BC5167 /* ColorMaker_KyleLee.app */,
				276E588C2CCCB87400BC5167 /* ColorMaker_KyleLeeTests.xctest */,
				276E58962CCCB87400BC5167 /* ColorMaker_KyleLeeUITests.xctest */,
			);
			name = Products;
			sourceTree = "<group>";
		};
/* End PBXGroup section */

/* Begin PBXNativeTarget section */
		276E58752CCCB87200BC5167 /* ColorMaker_KyleLee */ = {
			isa = PBXNativeTarget;
			buildConfigurationList = 276E589F2CCCB87400BC5167 /* Build configuration list for PBXNativeTarget "ColorMaker_KyleLee" */;
			buildPhases = (
				276E58722CCCB87200BC5167 /* Sources */,
				276E58732CCCB87200BC5167 /* Frameworks */,
				276E58742CCCB87200BC5167 /* Resources */,
			);
			buildRules = (
			);
			dependencies = (
			);
			fileSystemSynchronizedGroups = (
				276E58782CCCB87200BC5167 /* ColorMaker_KyleLee */,
			);
			name = ColorMaker_KyleLee;
			packageProductDependencies = (
			);
			productName = ColorMaker_KyleLee;
			productReference = 276E58762CCCB87200BC5167 /* ColorMaker_KyleLee.app */;
			productType = "com.apple.product-type.application";
		};
		276E588B2CCCB87400BC5167 /* ColorMaker_KyleLeeTests */ = {
			isa = PBXNativeTarget;
			buildConfigurationList = 276E58A42CCCB87400BC5167 /* Build configuration list for PBXNativeTarget "ColorMaker_KyleLeeTests" */;
			buildPhases = (
				276E58882CCCB87400BC5167 /* Sources */,
				276E58892CCCB87400BC5167 /* Frameworks */,
				276E588A2CCCB87400BC5167 /* Resources */,
			);
			buildRules = (
			);
			dependencies = (
				276E588E2CCCB87400BC5167 /* PBXTargetDependency */,
			);
			fileSystemSynchronizedGroups = (
				276E588F2CCCB87400BC5167 /* ColorMaker_KyleLeeTests */,
			);
			name = ColorMaker_KyleLeeTests;
			packageProductDependencies = (
			);
			productName = ColorMaker_KyleLeeTests;
			productReference = 276E588C2CCCB87400BC5167 /* ColorMaker_KyleLeeTests.xctest */;
			productType = "com.apple.product-type.bundle.unit-test";
		};
		276E58952CCCB87400BC5167 /* ColorMaker_KyleLeeUITests */ = {
			isa = PBXNativeTarget;
			buildConfigurationList = 276E58A72CCCB87400BC5167 /* Build configuration list for PBXNativeTarget "ColorMaker_KyleLeeUITests" */;
			buildPhases = (
				276E58922CCCB87400BC5167 /* Sources */,
				276E58932CCCB87400BC5167 /* Frameworks */,
				276E58942CCCB87400BC5167 /* Resources */,
			);
			buildRules = (
			);
			dependencies = (
				276E58982CCCB87400BC5167 /* PBXTargetDependency */,
			);
			fileSystemSynchronizedGroups = (
				276E58992CCCB87400BC5167 /* ColorMaker_KyleLeeUITests */,
			);
			name = ColorMaker_KyleLeeUITests;
			packageProductDependencies = (
			);
			productName = ColorMaker_KyleLeeUITests;
			productReference = 276E58962CCCB87400BC5167 /* ColorMaker_KyleLeeUITests.xctest */;
			productType = "com.apple.product-type.bundle.ui-testing";
		};
/* End PBXNativeTarget section */

/* Begin PBXProject section */
		276E586E2CCCB87200BC5167 /* Project object */ = {
			isa = PBXProject;
			attributes = {
				BuildIndependentTargetsInParallel = 1;
				LastSwiftUpdateCheck = 1600;
				LastUpgradeCheck = 1600;
				TargetAttributes = {
					276E58752CCCB87200BC5167 = {
						CreatedOnToolsVersion = 16.0;
					};
					276E588B2CCCB87400BC5167 = {
						CreatedOnToolsVersion = 16.0;
						TestTargetID = 276E58752CCCB87200BC5167;
					};
					276E58952CCCB87400BC5167 = {
						CreatedOnToolsVersion = 16.0;
						TestTargetID = 276E58752CCCB87200BC5167;
					};
				};
			};
			buildConfigurationList = 276E58712CCCB87200BC5167 /* Build configuration list for PBXProject "ColorMaker_KyleLee" */;
			developmentRegion = en;
			hasScannedForEncodings = 0;
			knownRegions = (
				en,
				Base,
			);
			mainGroup = 276E586D2CCCB87200BC5167;
			minimizedProjectReferenceProxies = 1;
			preferredProjectObjectVersion = 77;
			productRefGroup = 276E58772CCCB87200BC5167 /* Products */;
			projectDirPath = "";
			projectRoot = "";
			targets = (
				276E58752CCCB87200BC5167 /* ColorMaker_KyleLee */,
				276E588B2CCCB87400BC5167 /* ColorMaker_KyleLeeTests */,
				276E58952CCCB87400BC5167 /* ColorMaker_KyleLeeUITests */,
			);
		};
/* End PBXProject section */

/* Begin PBXResourcesBuildPhase section */
		276E58742CCCB87200BC5167 /* Resources */ = {
			isa = PBXResourcesBuildPhase;
			buildActionMask = 2147483647;
			files = (
				27D20C942CFC687A00B4C862 /* Main2.storyboard in Resources */,
			);
			runOnlyForDeploymentPostprocessing = 0;
		};
		276E588A2CCCB87400BC5167 /* Resources */ = {
			isa = PBXResourcesBuildPhase;
			buildActionMask = 2147483647;
			files = (
			);
			runOnlyForDeploymentPostprocessing = 0;
		};
		276E58942CCCB87400BC5167 /* Resources */ = {
			isa = PBXResourcesBuildPhase;
			buildActionMask = 2147483647;
			files = (
			);
			runOnlyForDeploymentPostprocessing = 0;
		};
/* End PBXResourcesBuildPhase section */

/* Begin PBXSourcesBuildPhase section */
		276E58722CCCB87200BC5167 /* Sources */ = {
			isa = PBXSourcesBuildPhase;
			buildActionMask = 2147483647;
			files = (
			);
			runOnlyForDeploymentPostprocessing = 0;
		};
		276E58882CCCB87400BC5167 /* Sources */ = {
			isa = PBXSourcesBuildPhase;
			buildActionMask = 2147483647;
			files = (
			);
			runOnlyForDeploymentPostprocessing = 0;
		};
		276E58922CCCB87400BC5167 /* Sources */ = {
			isa = PBXSourcesBuildPhase;
			buildActionMask = 2147483647;
			files = (
			);
			runOnlyForDeploymentPostprocessing = 0;
		};
/* End PBXSourcesBuildPhase section */

/* Begin PBXTargetDependency section */
		276E588E2CCCB87400BC5167 /* PBXTargetDependency */ = {
			isa = PBXTargetDependency;
			target = 276E58752CCCB87200BC5167 /* ColorMaker_KyleLee */;
			targetProxy = 276E588D2CCCB87400BC5167 /* PBXContainerItemProxy */;
		};
		276E58982CCCB87400BC5167 /* PBXTargetDependency */ = {
			isa = PBXTargetDependency;
			target = 276E58752CCCB87200BC5167 /* ColorMaker_KyleLee */;
			targetProxy = 276E58972CCCB87400BC5167 /* PBXContainerItemProxy */;
		};
/* End PBXTargetDependency section */

/* Begin PBXVariantGroup section */
		27D20C922CFC687A00B4C862 /* Main2.storyboard */ = {
			isa = PBXVariantGroup;
			children = (
				27D20C932CFC687A00B4C862 /* Base */,
			);
			name = Main2.storyboard;
			sourceTree = "<group>";
		};
/* End PBXVariantGroup section */

/* Begin XCBuildConfiguration section */
		276E58A02CCCB87400BC5167 /* Debug */ = {
			isa = XCBuildConfiguration;
			buildSettings = {
				ASSETCATALOG_COMPILER_APPICON_NAME = AppIcon;
				ASSETCATALOG_COMPILER_GLOBAL_ACCENT_COLOR_NAME = AccentColor;
				CODE_SIGN_STYLE = Automatic;
				CURRENT_PROJECT_VERSION = 1;
				GENERATE_INFOPLIST_FILE = YES;
				INFOPLIST_FILE = ColorMaker_KyleLee/Info.plist;
				INFOPLIST_KEY_UIApplicationSupportsIndirectInputEvents = YES;
				INFOPLIST_KEY_UILaunchStoryboardName = LaunchScreen;
				INFOPLIST_KEY_UIMainStoryboardFile = Main;
				INFOPLIST_KEY_UISupportedInterfaceOrientations_iPad = "UIInterfaceOrientationPortrait UIInterfaceOrientationPortraitUpsideDown UIInterfaceOrientationLandscapeLeft UIInterfaceOrientationLandscapeRight";
				INFOPLIST_KEY_UISupportedInterfaceOrientations_iPhone = "UIInterfaceOrientationPortrait UIInterfaceOrientationLandscapeLeft UIInterfaceOrientationLandscapeRight";
				LD_RUNPATH_SEARCH_PATHS = (
					"$(inherited)",
					"@executable_path/Frameworks",
				);
				MARKETING_VERSION = 1.0;
				PRODUCT_BUNDLE_IDENTIFIER = "Itinerary.ColorMaker-KyleLee";
				PRODUCT_NAME = "$(TARGET_NAME)";
				SWIFT_EMIT_LOC_STRINGS = YES;
				SWIFT_VERSION = 5.0;
				TARGETED_DEVICE_FAMILY = "1,2";
			};
			name = Debug;
		};
		276E58A12CCCB87400BC5167 /* Release */ = {
			isa = XCBuildConfiguration;
			buildSettings = {
				ASSETCATALOG_COMPILER_APPICON_NAME = AppIcon;
				ASSETCATALOG_COMPILER_GLOBAL_ACCENT_COLOR_NAME = AccentColor;
				CODE_SIGN_STYLE = Automatic;
				CURRENT_PROJECT_VERSION = 1;
				GENERATE_INFOPLIST_FILE = YES;
				INFOPLIST_FILE = ColorMaker_KyleLee/Info.plist;
				INFOPLIST_KEY_UIApplicationSupportsIndirectInputEvents = YES;
				INFOPLIST_KEY_UILaunchStoryboardName = LaunchScreen;
				INFOPLIST_KEY_UIMainStoryboardFile = Main;
				INFOPLIST_KEY_UISupportedInterfaceOrientations_iPad = "UIInterfaceOrientationPortrait UIInterfaceOrientationPortraitUpsideDown UIInterfaceOrientationLandscapeLeft UIInterfaceOrientationLandscapeRight";
				INFOPLIST_KEY_UISupportedInterfaceOrientations_iPhone = "UIInterfaceOrientationPortrait UIInterfaceOrientationLandscapeLeft UIInterfaceOrientationLandscapeRight";
				LD_RUNPATH_SEARCH_PATHS = (
					"$(inherited)",
					"@executable_path/Frameworks",
				);
				MARKETING_VERSION = 1.0;
				PRODUCT_BUNDLE_IDENTIFIER = "Itinerary.ColorMaker-KyleLee";
				PRODUCT_NAME = "$(TARGET_NAME)";
				SWIFT_EMIT_LOC_STRINGS = YES;
				SWIFT_VERSION = 5.0;
				TARGETED_DEVICE_FAMILY = "1,2";
			};
			name = Release;
		};
		276E58A22CCCB87400BC5167 /* Debug */ = {
			isa = XCBuildConfiguration;
			buildSettings = {
				ALWAYS_SEARCH_USER_PATHS = NO;
				ASSETCATALOG_COMPILER_GENERATE_SWIFT_ASSET_SYMBOL_EXTENSIONS = YES;
				CLANG_ANALYZER_NONNULL = YES;
				CLANG_ANALYZER_NUMBER_OBJECT_CONVERSION = YES_AGGRESSIVE;
				CLANG_CXX_LANGUAGE_STANDARD = "gnu++20";
				CLANG_ENABLE_MODULES = YES;
				CLANG_ENABLE_OBJC_ARC = YES;
				CLANG_ENABLE_OBJC_WEAK = YES;
				CLANG_WARN_BLOCK_CAPTURE_AUTORELEASING = YES;
				CLANG_WARN_BOOL_CONVERSION = YES;
				CLANG_WARN_COMMA = YES;
				CLANG_WARN_CONSTANT_CONVERSION = YES;
				CLANG_WARN_DEPRECATED_OBJC_IMPLEMENTATIONS = YES;
				CLANG_WARN_DIRECT_OBJC_ISA_USAGE = YES_ERROR;
				CLANG_WARN_DOCUMENTATION_COMMENTS = YES;
				CLANG_WARN_EMPTY_BODY = YES;
				CLANG_WARN_ENUM_CONVERSION = YES;
				CLANG_WARN_INFINITE_RECURSION = YES;
				CLANG_WARN_INT_CONVERSION = YES;
				CLANG_WARN_NON_LITERAL_NULL_CONVERSION = YES;
				CLANG_WARN_OBJC_IMPLICIT_RETAIN_SELF = YES;
				CLANG_WARN_OBJC_LITERAL_CONVERSION = YES;
				CLANG_WARN_OBJC_ROOT_CLASS = YES_ERROR;
				CLANG_WARN_QUOTED_INCLUDE_IN_FRAMEWORK_HEADER = YES;
				CLANG_WARN_RANGE_LOOP_ANALYSIS = YES;
				CLANG_WARN_STRICT_PROTOTYPES = YES;
				CLANG_WARN_SUSPICIOUS_MOVE = YES;
				CLANG_WARN_UNGUARDED_AVAILABILITY = YES_AGGRESSIVE;
				CLANG_WARN_UNREACHABLE_CODE = YES;
				CLANG_WARN__DUPLICATE_METHOD_MATCH = YES;
				COPY_PHASE_STRIP = NO;
				DEBUG_INFORMATION_FORMAT = dwarf;
				ENABLE_STRICT_OBJC_MSGSEND = YES;
				ENABLE_TESTABILITY = YES;
				ENABLE_USER_SCRIPT_SANDBOXING = YES;
				GCC_C_LANGUAGE_STANDARD = gnu17;
				GCC_DYNAMIC_NO_PIC = NO;
				GCC_NO_COMMON_BLOCKS = YES;
				GCC_OPTIMIZATION_LEVEL = 0;
				GCC_PREPROCESSOR_DEFINITIONS = (
					"DEBUG=1",
					"$(inherited)",
				);
				GCC_WARN_64_TO_32_BIT_CONVERSION = YES;
				GCC_WARN_ABOUT_RETURN_TYPE = YES_ERROR;
				GCC_WARN_UNDECLARED_SELECTOR = YES;
				GCC_WARN_UNINITIALIZED_AUTOS = YES_AGGRESSIVE;
				GCC_WARN_UNUSED_FUNCTION = YES;
				GCC_WARN_UNUSED_VARIABLE = YES;
				IPHONEOS_DEPLOYMENT_TARGET = 18.0;
				LOCALIZATION_PREFERS_STRING_CATALOGS = YES;
				MTL_ENABLE_DEBUG_INFO = INCLUDE_SOURCE;
				MTL_FAST_MATH = YES;
				ONLY_ACTIVE_ARCH = YES;
				SDKROOT = iphoneos;
				SWIFT_ACTIVE_COMPILATION_CONDITIONS = "DEBUG $(inherited)";
				SWIFT_OPTIMIZATION_LEVEL = "-Onone";
			};
			name = Debug;
		};
		276E58A32CCCB87400BC5167 /* Release */ = {
			isa = XCBuildConfiguration;
			buildSettings = {
				ALWAYS_SEARCH_USER_PATHS = NO;
				ASSETCATALOG_COMPILER_GENERATE_SWIFT_ASSET_SYMBOL_EXTENSIONS = YES;
				CLANG_ANALYZER_NONNULL = YES;
				CLANG_ANALYZER_NUMBER_OBJECT_CONVERSION = YES_AGGRESSIVE;
				CLANG_CXX_LANGUAGE_STANDARD = "gnu++20";
				CLANG_ENABLE_MODULES = YES;
				CLANG_ENABLE_OBJC_ARC = YES;
				CLANG_ENABLE_OBJC_WEAK = YES;
				CLANG_WARN_BLOCK_CAPTURE_AUTORELEASING = YES;
				CLANG_WARN_BOOL_CONVERSION = YES;
				CLANG_WARN_COMMA = YES;
				CLANG_WARN_CONSTANT_CONVERSION = YES;
				CLANG_WARN_DEPRECATED_OBJC_IMPLEMENTATIONS = YES;
				CLANG_WARN_DIRECT_OBJC_ISA_USAGE = YES_ERROR;
				CLANG_WARN_DOCUMENTATION_COMMENTS = YES;
				CLANG_WARN_EMPTY_BODY = YES;
				CLANG_WARN_ENUM_CONVERSION = YES;
				CLANG_WARN_INFINITE_RECURSION = YES;
				CLANG_WARN_INT_CONVERSION = YES;
				CLANG_WARN_NON_LITERAL_NULL_CONVERSION = YES;
				CLANG_WARN_OBJC_IMPLICIT_RETAIN_SELF = YES;
				CLANG_WARN_OBJC_LITERAL_CONVERSION = YES;
				CLANG_WARN_OBJC_ROOT_CLASS = YES_ERROR;
				CLANG_WARN_QUOTED_INCLUDE_IN_FRAMEWORK_HEADER = YES;
				CLANG_WARN_RANGE_LOOP_ANALYSIS = YES;
				CLANG_WARN_STRICT_PROTOTYPES = YES;
				CLANG_WARN_SUSPICIOUS_MOVE = YES;
				CLANG_WARN_UNGUARDED_AVAILABILITY = YES_AGGRESSIVE;
				CLANG_WARN_UNREACHABLE_CODE = YES;
				CLANG_WARN__DUPLICATE_METHOD_MATCH = YES;
				COPY_PHASE_STRIP = NO;
				DEBUG_INFORMATION_FORMAT = "dwarf-with-dsym";
				ENABLE_NS_ASSERTIONS = NO;
				ENABLE_STRICT_OBJC_MSGSEND = YES;
				ENABLE_USER_SCRIPT_SANDBOXING = YES;
				GCC_C_LANGUAGE_STANDARD = gnu17;
				GCC_NO_COMMON_BLOCKS = YES;
				GCC_WARN_64_TO_32_BIT_CONVERSION = YES;
				GCC_WARN_ABOUT_RETURN_TYPE = YES_ERROR;
				GCC_WARN_UNDECLARED_SELECTOR = YES;
				GCC_WARN_UNINITIALIZED_AUTOS = YES_AGGRESSIVE;
				GCC_WARN_UNUSED_FUNCTION = YES;
				GCC_WARN_UNUSED_VARIABLE = YES;
				IPHONEOS_DEPLOYMENT_TARGET = 18.0;
				LOCALIZATION_PREFERS_STRING_CATALOGS = YES;
				MTL_ENABLE_DEBUG_INFO = NO;
				MTL_FAST_MATH = YES;
				SDKROOT = iphoneos;
				SWIFT_COMPILATION_MODE = wholemodule;
				VALIDATE_PRODUCT = YES;
			};
			name = Release;
		};
		276E58A52CCCB87400BC5167 /* Debug */ = {
			isa = XCBuildConfiguration;
			buildSettings = {
				BUNDLE_LOADER = "$(TEST_HOST)";
				CODE_SIGN_STYLE = Automatic;
				CURRENT_PROJECT_VERSION = 1;
				GENERATE_INFOPLIST_FILE = YES;
				IPHONEOS_DEPLOYMENT_TARGET = 18.0;
				MARKETING_VERSION = 1.0;
				PRODUCT_BUNDLE_IDENTIFIER = "Itinerary.ColorMaker-KyleLeeTests";
				PRODUCT_NAME = "$(TARGET_NAME)";
				SWIFT_EMIT_LOC_STRINGS = NO;
				SWIFT_VERSION = 5.0;
				TARGETED_DEVICE_FAMILY = "1,2";
				TEST_HOST = "$(BUILT_PRODUCTS_DIR)/ColorMaker_KyleLee.app/$(BUNDLE_EXECUTABLE_FOLDER_PATH)/ColorMaker_KyleLee";
			};
			name = Debug;
		};
		276E58A62CCCB87400BC5167 /* Release */ = {
			isa = XCBuildConfiguration;
			buildSettings = {
				BUNDLE_LOADER = "$(TEST_HOST)";
				CODE_SIGN_STYLE = Automatic;
				CURRENT_PROJECT_VERSION = 1;
				GENERATE_INFOPLIST_FILE = YES;
				IPHONEOS_DEPLOYMENT_TARGET = 18.0;
				MARKETING_VERSION = 1.0;
				PRODUCT_BUNDLE_IDENTIFIER = "Itinerary.ColorMaker-KyleLeeTests";
				PRODUCT_NAME = "$(TARGET_NAME)";
				SWIFT_EMIT_LOC_STRINGS = NO;
				SWIFT_VERSION = 5.0;
				TARGETED_DEVICE_FAMILY = "1,2";
				TEST_HOST = "$(BUILT_PRODUCTS_DIR)/ColorMaker_KyleLee.app/$(BUNDLE_EXECUTABLE_FOLDER_PATH)/ColorMaker_KyleLee";
			};
			name = Release;
		};
		276E58A82CCCB87400BC5167 /* Debug */ = {
			isa = XCBuildConfiguration;
			buildSettings = {
				CODE_SIGN_STYLE = Automatic;
				CURRENT_PROJECT_VERSION = 1;
				GENERATE_INFOPLIST_FILE = YES;
				MARKETING_VERSION = 1.0;
				PRODUCT_BUNDLE_IDENTIFIER = "Itinerary.ColorMaker-KyleLeeUITests";
				PRODUCT_NAME = "$(TARGET_NAME)";
				SWIFT_EMIT_LOC_STRINGS = NO;
				SWIFT_VERSION = 5.0;
				TARGETED_DEVICE_FAMILY = "1,2";
				TEST_TARGET_NAME = ColorMaker_KyleLee;
			};
			name = Debug;
		};
		276E58A92CCCB87400BC5167 /* Release */ = {
			isa = XCBuildConfiguration;
			buildSettings = {
				CODE_SIGN_STYLE = Automatic;
				CURRENT_PROJECT_VERSION = 1;
				GENERATE_INFOPLIST_FILE = YES;
				MARKETING_VERSION = 1.0;
				PRODUCT_BUNDLE_IDENTIFIER = "Itinerary.ColorMaker-KyleLeeUITests";
				PRODUCT_NAME = "$(TARGET_NAME)";
				SWIFT_EMIT_LOC_STRINGS = NO;
				SWIFT_VERSION = 5.0;
				TARGETED_DEVICE_FAMILY = "1,2";
				TEST_TARGET_NAME = ColorMaker_KyleLee;
			};
			name = Release;
		};
/* End XCBuildConfiguration section */

/* Begin XCConfigurationList section */
		276E58712CCCB87200BC5167 /* Build configuration list for PBXProject "ColorMaker_KyleLee" */ = {
			isa = XCConfigurationList;
			buildConfigurations = (
				276E58A22CCCB87400BC5167 /* Debug */,
				276E58A32CCCB87400BC5167 /* Release */,
			);
			defaultConfigurationIsVisible = 0;
			defaultConfigurationName = Release;
		};
		276E589F2CCCB87400BC5167 /* Build configuration list for PBXNativeTarget "ColorMaker_KyleLee" */ = {
			isa = XCConfigurationList;
			buildConfigurations = (
				276E58A02CCCB87400BC5167 /* Debug */,
				276E58A12CCCB87400BC5167 /* Release */,
			);
			defaultConfigurationIsVisible = 0;
			defaultConfigurationName = Release;
		};
		276E58A42CCCB87400BC5167 /* Build configuration list for PBXNativeTarget "ColorMaker_KyleLeeTests" */ = {
			isa = XCConfigurationList;
			buildConfigurations = (
				276E58A52CCCB87400BC5167 /* Debug */,
				276E58A62CCCB87400BC5167 /* Release */,
			);
			defaultConfigurationIsVisible = 0;
			defaultConfigurationName = Release;
		};
		276E58A72CCCB87400BC5167 /* Build configuration list for PBXNativeTarget "ColorMaker_KyleLeeUITests" */ = {
			isa = XCConfigurationList;
			buildConfigurations = (
				276E58A82CCCB87400BC5167 /* Debug */,
				276E58A92CCCB87400BC5167 /* Release */,
			);
			defaultConfigurationIsVisible = 0;
			defaultConfigurationName = Release;
		};
/* End XCConfigurationList section */
	};
	rootObject = 276E586E2CCCB87200BC5167 /* Project object */;
}
